
Microsoft Visual Studio Solution File, Format Version 12.00
# Visual Studio 15
VisualStudioVersion = 15.0.28307.421
MinimumVisualStudioVersion = 10.0.40219.1
Project("{8BC9CEB8-8B4A-11D0-8D11-00A0C91BC942}") = "VAD", "VAD\VAD.vcxproj", "{29DE620D-5B41-4B46-8F20-7687491187E7}"
EndProject
Global
	GlobalSection(SolutionConfigurationPlatforms) = preSolution
		Debug|x64 = Debug|x64
		Debug|x86 = Debug|x86
		Release|x64 = Release|x64
		Release|x86 = Release|x86
	EndGlobalSection
	GlobalSection(ProjectConfigurationPlatforms) = postSolution
		{29DE620D-5B41-4B46-8F20-7687491187E7}.Debug|x64.ActiveCfg = Debug|x64
		{29DE620D-5B41-4B46-8F20-7687491187E7}.Debug|x64.Build.0 = Debug|x64
		{29DE620D-5B41-4B46-8F20-7687491187E7}.Debug|x86.ActiveCfg = Debug|Win32
		{29DE620D-5B41-4B46-8F20-7687491187E7}.Debug|x86.Build.0 = Debug|Win32
		{29DE620D-5B41-4B46-8F20-7687491187E7}.Release|x64.ActiveCfg = Release|x64
		{29DE620D-5B41-4B46-8F20-7687491187E7}.Release|x64.Build.0 = Release|x64
		{29DE620D-5B41-4B46-8F20-7687491187E7}.Release|x86.ActiveCfg = Release|Win32
		{29DE620D-5B41-4B46-8F20-7687491187E7}.Release|x86.Build.0 = Release|Win32
	EndGlobalSection
	GlobalSection(SolutionProperties) = preSolution
		HideSolutionNode = FALSE
	EndGlobalSection
	GlobalSection(ExtensibilityGlobals) = postSolution
		SolutionGuid = {2601832D-9E87-40B0-9049-5D50CEC67406}
	EndGlobalSection
EndGlobal
